
Microsoft Visual Studio Solution File, Format Version 12.00
# Visual Studio Version 17
VisualStudioVersion = 17.13.35825.156 d17.13
MinimumVisualStudioVersion = 10.0.40219.1
Project("{FAE04EC0-301F-11D3-BF4B-00C04F79EFBC}") = "DeliveryZadacha", "DeliveryZadacha\DeliveryZadacha.csproj", "{D1D41C12-2EBD-4298-8296-B22D412B1DB6}"
EndProject
Global
	GlobalSection(SolutionConfigurationPlatforms) = preSolution
		Debug|Any CPU = Debug|Any CPU
		Release|Any CPU = Release|Any CPU
	EndGlobalSection
	GlobalSection(ProjectConfigurationPlatforms) = postSolution
		{D1D41C12-2EBD-4298-8296-B22D412B1DB6}.Debug|Any CPU.ActiveCfg = Debug|Any CPU
		{D1D41C12-2EBD-4298-8296-B22D412B1DB6}.Debug|Any CPU.Build.0 = Debug|Any CPU
		{D1D41C12-2EBD-4298-8296-B22D412B1DB6}.Release|Any CPU.ActiveCfg = Release|Any CPU
		{D1D41C12-2EBD-4298-8296-B22D412B1DB6}.Release|Any CPU.Build.0 = Release|Any CPU
	EndGlobalSection
	GlobalSection(SolutionProperties) = preSolution
		HideSolutionNode = FALSE
	EndGlobalSection
	GlobalSection(ExtensibilityGlobals) = postSolution
		SolutionGuid = {2B34338F-7F6A-41C9-B20C-A244279D8717}
	EndGlobalSection
EndGlobal
